
Microsoft Visual Studio Solution File, Format Version 12.00
# Visual Studio Version 16
VisualStudioVersion = 16.0.32929.386
MinimumVisualStudioVersion = 10.0.40219.1
Project("{FAE04EC0-301F-11D3-BF4B-00C04F79EFBC}") = "SpeedyWheelz", "WebApplication1\SpeedyWheelz.csproj", "{5787E8CE-06A0-4517-A3A0-C94045DB3F04}"
EndProject
Project("{2150E333-8FDC-42A3-9474-1A3956D46DE8}") = "Solution Items", "Solution Items", "{1703BB4E-F7F9-4117-BB57-47FD8EBFE8D5}"
	ProjectSection(SolutionItems) = preProject
		AppSettingsSecrets.config = AppSettingsSecrets.config
	EndProjectSection
EndProject
Global
	GlobalSection(SolutionConfigurationPlatforms) = preSolution
		Debug|Any CPU = Debug|Any CPU
		Release|Any CPU = Release|Any CPU
	EndGlobalSection
	GlobalSection(ProjectConfigurationPlatforms) = postSolution
		{5787E8CE-06A0-4517-A3A0-C94045DB3F04}.Debug|Any CPU.ActiveCfg = Debug|Any CPU
		{5787E8CE-06A0-4517-A3A0-C94045DB3F04}.Debug|Any CPU.Build.0 = Debug|Any CPU
		{5787E8CE-06A0-4517-A3A0-C94045DB3F04}.Release|Any CPU.ActiveCfg = Release|Any CPU
		{5787E8CE-06A0-4517-A3A0-C94045DB3F04}.Release|Any CPU.Build.0 = Release|Any CPU
	EndGlobalSection
	GlobalSection(SolutionProperties) = preSolution
		HideSolutionNode = FALSE
	EndGlobalSection
	GlobalSection(ExtensibilityGlobals) = postSolution
		SolutionGuid = {42621D40-5F43-42FC-A022-CF4267C27F12}
	EndGlobalSection
EndGlobal
